// !$*UTF8*$!
{
	archiveVersion = 1;
	classes = {
	};
	objectVersion = 55;
	objects = {

/* Begin PBXBuildFile section */
		C971ECE728E99B6C00D29DB5 /* DeviceLocationService.swift in Sources */ = {isa = PBXBuildFile; fileRef = C971ECE628E99B6C00D29DB5 /* DeviceLocationService.swift */; };
		C971ECED28E99FD200D29DB5 /* MapView.swift in Sources */ = {isa = PBXBuildFile; fileRef = C971ECEC28E99FD200D29DB5 /* MapView.swift */; };
		C972477528E4A1B100E4BB80 /* ForestSurviveApp.swift in Sources */ = {isa = PBXBuildFile; fileRef = C972477428E4A1B100E4BB80 /* ForestSurviveApp.swift */; };
		C972477728E4A1B100E4BB80 /* ContentView.swift in Sources */ = {isa = PBXBuildFile; fileRef = C972477628E4A1B100E4BB80 /* ContentView.swift */; };
		C972477928E4A1B300E4BB80 /* Assets.xcassets in Resources */ = {isa = PBXBuildFile; fileRef = C972477828E4A1B300E4BB80 /* Assets.xcassets */; };
		C972477C28E4A1B300E4BB80 /* Preview Assets.xcassets in Resources */ = {isa = PBXBuildFile; fileRef = C972477B28E4A1B300E4BB80 /* Preview Assets.xcassets */; };
		C972478328E4AA7900E4BB80 /* SideMenuView.swift in Sources */ = {isa = PBXBuildFile; fileRef = C972478228E4AA7900E4BB80 /* SideMenuView.swift */; };
		C972478528E4BBEA00E4BB80 /* Map.swift in Sources */ = {isa = PBXBuildFile; fileRef = C972478428E4BBEA00E4BB80 /* Map.swift */; };
		C97F94B528E6DA9700152623 /* News.swift in Sources */ = {isa = PBXBuildFile; fileRef = C97F94B428E6DA9700152623 /* News.swift */; };
		C97F94B728E6E40D00152623 /* File.swift in Sources */ = {isa = PBXBuildFile; fileRef = C97F94B628E6E40D00152623 /* File.swift */; };
		C995F36728E9B521002D6DFD /* Calendar.swift in Sources */ = {isa = PBXBuildFile; fileRef = C995F36628E9B521002D6DFD /* Calendar.swift */; };
		C998116E28E5756B007AB58A /* calculator.swift in Sources */ = {isa = PBXBuildFile; fileRef = C998116D28E5756B007AB58A /* calculator.swift */; };
		C998117528E595A1007AB58A /* WebView.swift in Sources */ = {isa = PBXBuildFile; fileRef = C998117428E595A1007AB58A /* WebView.swift */; };
		C9A2D90128E82F19001F8590 /* Resoults.xcdatamodeld in Sources */ = {isa = PBXBuildFile; fileRef = C9A2D8FF28E82F19001F8590 /* Resoults.xcdatamodeld */; };
		C9A2D90328E83002001F8590 /* Persistance.swift in Sources */ = {isa = PBXBuildFile; fileRef = C9A2D90228E83002001F8590 /* Persistance.swift */; };
		C9CC6B5128E61BB700D2159D /* RankingPoints.swift in Sources */ = {isa = PBXBuildFile; fileRef = C9CC6B5028E61BB700D2159D /* RankingPoints.swift */; };
/* End PBXBuildFile section */

/* Begin PBXFileReference section */
		C971ECE628E99B6C00D29DB5 /* DeviceLocationService.swift */ = {isa = PBXFileReference; fileEncoding = 4; lastKnownFileType = sourcecode.swift; name = DeviceLocationService.swift; path = "../../../../.Trash/Kilo-Loco content main apple-device-location-ios/device-location-ios/DeviceLocationService.swift"; sourceTree = "<group>"; };
		C971ECEC28E99FD200D29DB5 /* MapView.swift */ = {isa = PBXFileReference; lastKnownFileType = sourcecode.swift; path = MapView.swift; sourceTree = "<group>"; };
		C972477128E4A1B100E4BB80 /* ForestSurvive.app */ = {isa = PBXFileReference; explicitFileType = wrapper.application; includeInIndex = 0; path = ForestSurvive.app; sourceTree = BUILT_PRODUCTS_DIR; };
		C972477428E4A1B100E4BB80 /* ForestSurviveApp.swift */ = {isa = PBXFileReference; lastKnownFileType = sourcecode.swift; path = ForestSurviveApp.swift; sourceTree = "<group>"; };
		C972477628E4A1B100E4BB80 /* ContentView.swift */ = {isa = PBXFileReference; lastKnownFileType = sourcecode.swift; path = ContentView.swift; sourceTree = "<group>"; };
		C972477828E4A1B300E4BB80 /* Assets.xcassets */ = {isa = PBXFileReference; lastKnownFileType = folder.assetcatalog; path = Assets.xcassets; sourceTree = "<group>"; };
		C972477B28E4A1B300E4BB80 /* Preview Assets.xcassets */ = {isa = PBXFileReference; lastKnownFileType = folder.assetcatalog; path = "Preview Assets.xcassets"; sourceTree = "<group>"; };
		C972478228E4AA7900E4BB80 /* SideMenuView.swift */ = {isa = PBXFileReference; lastKnownFileType = sourcecode.swift; path = SideMenuView.swift; sourceTree = "<group>"; };
		C972478428E4BBEA00E4BB80 /* Map.swift */ = {isa = PBXFileReference; lastKnownFileType = sourcecode.swift; path = Map.swift; sourceTree = "<group>"; };
		C97F94B428E6DA9700152623 /* News.swift */ = {isa = PBXFileReference; lastKnownFileType = sourcecode.swift; path = News.swift; sourceTree = "<group>"; };
		C97F94B628E6E40D00152623 /* File.swift */ = {isa = PBXFileReference; lastKnownFileType = sourcecode.swift; path = File.swift; sourceTree = "<group>"; };
		C995F36628E9B521002D6DFD /* Calendar.swift */ = {isa = PBXFileReference; lastKnownFileType = sourcecode.swift; path = Calendar.swift; sourceTree = "<group>"; };
		C998116D28E5756B007AB58A /* calculator.swift */ = {isa = PBXFileReference; lastKnownFileType = sourcecode.swift; path = calculator.swift; sourceTree = "<group>"; };
		C998117428E595A1007AB58A /* WebView.swift */ = {isa = PBXFileReference; lastKnownFileType = sourcecode.swift; path = WebView.swift; sourceTree = "<group>"; };
		C9A2D90028E82F19001F8590 /* Resoults.xcdatamodel */ = {isa = PBXFileReference; lastKnownFileType = wrapper.xcdatamodel; path = Resoults.xcdatamodel; sourceTree = "<group>"; };
		C9A2D90228E83002001F8590 /* Persistance.swift */ = {isa = PBXFileReference; lastKnownFileType = sourcecode.swift; path = Persistance.swift; sourceTree = "<group>"; };
		C9CC6B5028E61BB700D2159D /* RankingPoints.swift */ = {isa = PBXFileReference; lastKnownFileType = sourcecode.swift; path = RankingPoints.swift; sourceTree = "<group>"; };
/* End PBXFileReference section */

/* Begin PBXFrameworksBuildPhase section */
		C972476E28E4A1B100E4BB80 /* Frameworks */ = {
			isa = PBXFrameworksBuildPhase;
			buildActionMask = 2147483647;
			files = (
			);
			runOnlyForDeploymentPostprocessing = 0;
		};
/* End PBXFrameworksBuildPhase section */

/* Begin PBXGroup section */
		C972476828E4A1B100E4BB80 = {
			isa = PBXGroup;
			children = (
				C972477328E4A1B100E4BB80 /* ForestSurvive */,
				C972477228E4A1B100E4BB80 /* Products */,
			);
			sourceTree = "<group>";
		};
		C972477228E4A1B100E4BB80 /* Products */ = {
			isa = PBXGroup;
			children = (
				C972477128E4A1B100E4BB80 /* ForestSurvive.app */,
			);
			name = Products;
			sourceTree = "<group>";
		};
		C972477328E4A1B100E4BB80 /* ForestSurvive */ = {
			isa = PBXGroup;
			children = (
				C972477428E4A1B100E4BB80 /* ForestSurviveApp.swift */,
				C995F36628E9B521002D6DFD /* Calendar.swift */,
				C972478228E4AA7900E4BB80 /* SideMenuView.swift */,
				C972478428E4BBEA00E4BB80 /* Map.swift */,
				C971ECEC28E99FD200D29DB5 /* MapView.swift */,
				C998116D28E5756B007AB58A /* calculator.swift */,
				C998117428E595A1007AB58A /* WebView.swift */,
				C97F94B428E6DA9700152623 /* News.swift */,
				C9CC6B5028E61BB700D2159D /* RankingPoints.swift */,
				C972477628E4A1B100E4BB80 /* ContentView.swift */,
				C97F94B628E6E40D00152623 /* File.swift */,
				C9A2D8FF28E82F19001F8590 /* Resoults.xcdatamodeld */,
				C9A2D90228E83002001F8590 /* Persistance.swift */,
				C971ECE628E99B6C00D29DB5 /* DeviceLocationService.swift */,
				C972477828E4A1B300E4BB80 /* Assets.xcassets */,
				C972477A28E4A1B300E4BB80 /* Preview Content */,
			);
			path = ForestSurvive;
			sourceTree = "<group>";
		};
		C972477A28E4A1B300E4BB80 /* Preview Content */ = {
			isa = PBXGroup;
			children = (
				C972477B28E4A1B300E4BB80 /* Preview Assets.xcassets */,
			);
			path = "Preview Content";
			sourceTree = "<group>";
		};
/* End PBXGroup section */

/* Begin PBXNativeTarget section */
		C972477028E4A1B100E4BB80 /* ForestSurvive */ = {
			isa = PBXNativeTarget;
			buildConfigurationList = C972477F28E4A1B300E4BB80 /* Build configuration list for PBXNativeTarget "ForestSurvive" */;
			buildPhases = (
				C972476D28E4A1B100E4BB80 /* Sources */,
				C972476E28E4A1B100E4BB80 /* Frameworks */,
				C972476F28E4A1B100E4BB80 /* Resources */,
			);
			buildRules = (
			);
			dependencies = (
			);
			name = ForestSurvive;
			productName = ForestSurvive;
			productReference = C972477128E4A1B100E4BB80 /* ForestSurvive.app */;
			productType = "com.apple.product-type.application";
		};
/* End PBXNativeTarget section */

/* Begin PBXProject section */
		C972476928E4A1B100E4BB80 /* Project object */ = {
			isa = PBXProject;
			attributes = {
				BuildIndependentTargetsInParallel = 1;
				LastSwiftUpdateCheck = 1340;
				LastUpgradeCheck = 1340;
				TargetAttributes = {
					C972477028E4A1B100E4BB80 = {
						CreatedOnToolsVersion = 13.4.1;
					};
				};
			};
			buildConfigurationList = C972476C28E4A1B100E4BB80 /* Build configuration list for PBXProject "ForestSurvive" */;
			compatibilityVersion = "Xcode 13.0";
			developmentRegion = en;
			hasScannedForEncodings = 0;
			knownRegions = (
				en,
				Base,
			);
			mainGroup = C972476828E4A1B100E4BB80;
			productRefGroup = C972477228E4A1B100E4BB80 /* Products */;
			projectDirPath = "";
			projectRoot = "";
			targets = (
				C972477028E4A1B100E4BB80 /* ForestSurvive */,
			);
		};
/* End PBXProject section */

/* Begin PBXResourcesBuildPhase section */
		C972476F28E4A1B100E4BB80 /* Resources */ = {
			isa = PBXResourcesBuildPhase;
			buildActionMask = 2147483647;
			files = (
				C972477C28E4A1B300E4BB80 /* Preview Assets.xcassets in Resources */,
				C972477928E4A1B300E4BB80 /* Assets.xcassets in Resources */,
			);
			runOnlyForDeploymentPostprocessing = 0;
		};
/* End PBXResourcesBuildPhase section */

/* Begin PBXSourcesBuildPhase section */
		C972476D28E4A1B100E4BB80 /* Sources */ = {
			isa = PBXSourcesBuildPhase;
			buildActionMask = 2147483647;
			files = (
				C972478328E4AA7900E4BB80 /* SideMenuView.swift in Sources */,
				C972477728E4A1B100E4BB80 /* ContentView.swift in Sources */,
				C97F94B528E6DA9700152623 /* News.swift in Sources */,
				C972478528E4BBEA00E4BB80 /* Map.swift in Sources */,
				C971ECED28E99FD200D29DB5 /* MapView.swift in Sources */,
				C9A2D90128E82F19001F8590 /* Resoults.xcdatamodeld in Sources */,
				C9A2D90328E83002001F8590 /* Persistance.swift in Sources */,
				C998117528E595A1007AB58A /* WebView.swift in Sources */,
				C998116E28E5756B007AB58A /* calculator.swift in Sources */,
				C971ECE728E99B6C00D29DB5 /* DeviceLocationService.swift in Sources */,
				C9CC6B5128E61BB700D2159D /* RankingPoints.swift in Sources */,
				C97F94B728E6E40D00152623 /* File.swift in Sources */,
				C972477528E4A1B100E4BB80 /* ForestSurviveApp.swift in Sources */,
				C995F36728E9B521002D6DFD /* Calendar.swift in Sources */,
			);
			runOnlyForDeploymentPostprocessing = 0;
		};
/* End PBXSourcesBuildPhase section */

/* Begin XCBuildConfiguration section */
		C972477D28E4A1B300E4BB80 /* Debug */ = {
			isa = XCBuildConfiguration;
			buildSettings = {
				ALWAYS_SEARCH_USER_PATHS = NO;
				CLANG_ANALYZER_NONNULL = YES;
				CLANG_ANALYZER_NUMBER_OBJECT_CONVERSION = YES_AGGRESSIVE;
				CLANG_CXX_LANGUAGE_STANDARD = "gnu++17";
				CLANG_ENABLE_MODULES = YES;
				CLANG_ENABLE_OBJC_ARC = YES;
				CLANG_ENABLE_OBJC_WEAK = YES;
				CLANG_WARN_BLOCK_CAPTURE_AUTORELEASING = YES;
				CLANG_WARN_BOOL_CONVERSION = YES;
				CLANG_WARN_COMMA = YES;
				CLANG_WARN_CONSTANT_CONVERSION = YES;
				CLANG_WARN_DEPRECATED_OBJC_IMPLEMENTATIONS = YES;
				CLANG_WARN_DIRECT_OBJC_ISA_USAGE = YES_ERROR;
				CLANG_WARN_DOCUMENTATION_COMMENTS = YES;
				CLANG_WARN_EMPTY_BODY = YES;
				CLANG_WARN_ENUM_CONVERSION = YES;
				CLANG_WARN_INFINITE_RECURSION = YES;
				CLANG_WARN_INT_CONVERSION = YES;
				CLANG_WARN_NON_LITERAL_NULL_CONVERSION = YES;
				CLANG_WARN_OBJC_IMPLICIT_RETAIN_SELF = YES;
				CLANG_WARN_OBJC_LITERAL_CONVERSION = YES;
				CLANG_WARN_OBJC_ROOT_CLASS = YES_ERROR;
				CLANG_WARN_QUOTED_INCLUDE_IN_FRAMEWORK_HEADER = YES;
				CLANG_WARN_RANGE_LOOP_ANALYSIS = YES;
				CLANG_WARN_STRICT_PROTOTYPES = YES;
				CLANG_WARN_SUSPICIOUS_MOVE = YES;
				CLANG_WARN_UNGUARDED_AVAILABILITY = YES_AGGRESSIVE;
				CLANG_WARN_UNREACHABLE_CODE = YES;
				CLANG_WARN__DUPLICATE_METHOD_MATCH = YES;
				COPY_PHASE_STRIP = NO;
				DEBUG_INFORMATION_FORMAT = dwarf;
				ENABLE_STRICT_OBJC_MSGSEND = YES;
				ENABLE_TESTABILITY = YES;
				GCC_C_LANGUAGE_STANDARD = gnu11;
				GCC_DYNAMIC_NO_PIC = NO;
				GCC_NO_COMMON_BLOCKS = YES;
				GCC_OPTIMIZATION_LEVEL = 0;
				GCC_PREPROCESSOR_DEFINITIONS = (
					"DEBUG=1",
					"$(inherited)",
				);
				GCC_WARN_64_TO_32_BIT_CONVERSION = YES;
				GCC_WARN_ABOUT_RETURN_TYPE = YES_ERROR;
				GCC_WARN_UNDECLARED_SELECTOR = YES;
				GCC_WARN_UNINITIALIZED_AUTOS = YES_AGGRESSIVE;
				GCC_WARN_UNUSED_FUNCTION = YES;
				GCC_WARN_UNUSED_VARIABLE = YES;
				IPHONEOS_DEPLOYMENT_TARGET = 15.5;
				MTL_ENABLE_DEBUG_INFO = INCLUDE_SOURCE;
				MTL_FAST_MATH = YES;
				ONLY_ACTIVE_ARCH = YES;
				SDKROOT = iphoneos;
				SWIFT_ACTIVE_COMPILATION_CONDITIONS = DEBUG;
				SWIFT_OPTIMIZATION_LEVEL = "-Onone";
			};
			name = Debug;
		};
		C972477E28E4A1B300E4BB80 /* Release */ = {
			isa = XCBuildConfiguration;
			buildSettings = {
				ALWAYS_SEARCH_USER_PATHS = NO;
				CLANG_ANALYZER_NONNULL = YES;
				CLANG_ANALYZER_NUMBER_OBJECT_CONVERSION = YES_AGGRESSIVE;
				CLANG_CXX_LANGUAGE_STANDARD = "gnu++17";
				CLANG_ENABLE_MODULES = YES;
				CLANG_ENABLE_OBJC_ARC = YES;
				CLANG_ENABLE_OBJC_WEAK = YES;
				CLANG_WARN_BLOCK_CAPTURE_AUTORELEASING = YES;
				CLANG_WARN_BOOL_CONVERSION = YES;
				CLANG_WARN_COMMA = YES;
				CLANG_WARN_CONSTANT_CONVERSION = YES;
				CLANG_WARN_DEPRECATED_OBJC_IMPLEMENTATIONS = YES;
				CLANG_WARN_DIRECT_OBJC_ISA_USAGE = YES_ERROR;
				CLANG_WARN_DOCUMENTATION_COMMENTS = YES;
				CLANG_WARN_EMPTY_BODY = YES;
				CLANG_WARN_ENUM_CONVERSION = YES;
				CLANG_WARN_INFINITE_RECURSION = YES;
				CLANG_WARN_INT_CONVERSION = YES;
				CLANG_WARN_NON_LITERAL_NULL_CONVERSION = YES;
				CLANG_WARN_OBJC_IMPLICIT_RETAIN_SELF = YES;
				CLANG_WARN_OBJC_LITERAL_CONVERSION = YES;
				CLANG_WARN_OBJC_ROOT_CLASS = YES_ERROR;
				CLANG_WARN_QUOTED_INCLUDE_IN_FRAMEWORK_HEADER = YES;
				CLANG_WARN_RANGE_LOOP_ANALYSIS = YES;
				CLANG_WARN_STRICT_PROTOTYPES = YES;
				CLANG_WARN_SUSPICIOUS_MOVE = YES;
				CLANG_WARN_UNGUARDED_AVAILABILITY = YES_AGGRESSIVE;
				CLANG_WARN_UNREACHABLE_CODE = YES;
				CLANG_WARN__DUPLICATE_METHOD_MATCH = YES;
				COPY_PHASE_STRIP = NO;
				DEBUG_INFORMATION_FORMAT = "dwarf-with-dsym";
				ENABLE_NS_ASSERTIONS = NO;
				ENABLE_STRICT_OBJC_MSGSEND = YES;
				GCC_C_LANGUAGE_STANDARD = gnu11;
				GCC_NO_COMMON_BLOCKS = YES;
				GCC_WARN_64_TO_32_BIT_CONVERSION = YES;
				GCC_WARN_ABOUT_RETURN_TYPE = YES_ERROR;
				GCC_WARN_UNDECLARED_SELECTOR = YES;
				GCC_WARN_UNINITIALIZED_AUTOS = YES_AGGRESSIVE;
				GCC_WARN_UNUSED_FUNCTION = YES;
				GCC_WARN_UNUSED_VARIABLE = YES;
				IPHONEOS_DEPLOYMENT_TARGET = 15.5;
				MTL_ENABLE_DEBUG_INFO = NO;
				MTL_FAST_MATH = YES;
				SDKROOT = iphoneos;
				SWIFT_COMPILATION_MODE = wholemodule;
				SWIFT_OPTIMIZATION_LEVEL = "-O";
				VALIDATE_PRODUCT = YES;
			};
			name = Release;
		};
		C972478028E4A1B300E4BB80 /* Debug */ = {
			isa = XCBuildConfiguration;
			buildSettings = {
				ASSETCATALOG_COMPILER_APPICON_NAME = AppIcon;
				ASSETCATALOG_COMPILER_GLOBAL_ACCENT_COLOR_NAME = AccentColor;
				CODE_SIGN_STYLE = Automatic;
				CURRENT_PROJECT_VERSION = 1;
				DEVELOPMENT_ASSET_PATHS = "\"ForestSurvive/Preview Content\"";
				DEVELOPMENT_TEAM = WYYD435V93;
				ENABLE_PREVIEWS = YES;
				GENERATE_INFOPLIST_FILE = YES;
				INFOPLIST_KEY_NSLocationWhenInUseUsageDescription = "Let app see your locartion to show you route to Academy";
				INFOPLIST_KEY_UIApplicationSceneManifest_Generation = YES;
				INFOPLIST_KEY_UIApplicationSupportsIndirectInputEvents = YES;
				INFOPLIST_KEY_UILaunchScreen_Generation = YES;
				INFOPLIST_KEY_UISupportedInterfaceOrientations_iPad = "UIInterfaceOrientationPortrait UIInterfaceOrientationPortraitUpsideDown UIInterfaceOrientationLandscapeLeft UIInterfaceOrientationLandscapeRight";
				INFOPLIST_KEY_UISupportedInterfaceOrientations_iPhone = "UIInterfaceOrientationPortrait UIInterfaceOrientationLandscapeLeft UIInterfaceOrientationLandscapeRight";
				LD_RUNPATH_SEARCH_PATHS = (
					"$(inherited)",
					"@executable_path/Frameworks",
				);
				MARKETING_VERSION = 1.0;
				PRODUCT_BUNDLE_IDENTIFIER = com.Cj.ForestSurvive;
				PRODUCT_NAME = "$(TARGET_NAME)";
				SWIFT_EMIT_LOC_STRINGS = YES;
				SWIFT_VERSION = 5.0;
				TARGETED_DEVICE_FAMILY = "1,2";
			};
			name = Debug;
		};
		C972478128E4A1B300E4BB80 /* Release */ = {
			isa = XCBuildConfiguration;
			buildSettings = {
				ASSETCATALOG_COMPILER_APPICON_NAME = AppIcon;
				ASSETCATALOG_COMPILER_GLOBAL_ACCENT_COLOR_NAME = AccentColor;
				CODE_SIGN_STYLE = Automatic;
				CURRENT_PROJECT_VERSION = 1;
				DEVELOPMENT_ASSET_PATHS = "\"ForestSurvive/Preview Content\"";
				DEVELOPMENT_TEAM = WYYD435V93;
				ENABLE_PREVIEWS = YES;
				GENERATE_INFOPLIST_FILE = YES;
				INFOPLIST_KEY_NSLocationWhenInUseUsageDescription = "Let app see your locartion to show you route to Academy";
				INFOPLIST_KEY_UIApplicationSceneManifest_Generation = YES;
				INFOPLIST_KEY_UIApplicationSupportsIndirectInputEvents = YES;
				INFOPLIST_KEY_UILaunchScreen_Generation = YES;
				INFOPLIST_KEY_UISupportedInterfaceOrientations_iPad = "UIInterfaceOrientationPortrait UIInterfaceOrientationPortraitUpsideDown UIInterfaceOrientationLandscapeLeft UIInterfaceOrientationLandscapeRight";
				INFOPLIST_KEY_UISupportedInterfaceOrientations_iPhone = "UIInterfaceOrientationPortrait UIInterfaceOrientationLandscapeLeft UIInterfaceOrientationLandscapeRight";
				LD_RUNPATH_SEARCH_PATHS = (
					"$(inherited)",
					"@executable_path/Frameworks",
				);
				MARKETING_VERSION = 1.0;
				PRODUCT_BUNDLE_IDENTIFIER = com.Cj.ForestSurvive;
				PRODUCT_NAME = "$(TARGET_NAME)";
				SWIFT_EMIT_LOC_STRINGS = YES;
				SWIFT_VERSION = 5.0;
				TARGETED_DEVICE_FAMILY = "1,2";
			};
			name = Release;
		};
/* End XCBuildConfiguration section */

/* Begin XCConfigurationList section */
		C972476C28E4A1B100E4BB80 /* Build configuration list for PBXProject "ForestSurvive" */ = {
			isa = XCConfigurationList;
			buildConfigurations = (
				C972477D28E4A1B300E4BB80 /* Debug */,
				C972477E28E4A1B300E4BB80 /* Release */,
			);
			defaultConfigurationIsVisible = 0;
			defaultConfigurationName = Release;
		};
		C972477F28E4A1B300E4BB80 /* Build configuration list for PBXNativeTarget "ForestSurvive" */ = {
			isa = XCConfigurationList;
			buildConfigurations = (
				C972478028E4A1B300E4BB80 /* Debug */,
				C972478128E4A1B300E4BB80 /* Release */,
			);
			defaultConfigurationIsVisible = 0;
			defaultConfigurationName = Release;
		};
/* End XCConfigurationList section */

/* Begin XCVersionGroup section */
		C9A2D8FF28E82F19001F8590 /* Resoults.xcdatamodeld */ = {
			isa = XCVersionGroup;
			children = (
				C9A2D90028E82F19001F8590 /* Resoults.xcdatamodel */,
			);
			currentVersion = C9A2D90028E82F19001F8590 /* Resoults.xcdatamodel */;
			path = Resoults.xcdatamodeld;
			sourceTree = "<group>";
			versionGroupType = wrapper.xcdatamodel;
		};
/* End XCVersionGroup section */
	};
	rootObject = C972476928E4A1B100E4BB80 /* Project object */;
}
